
Microsoft Visual Studio Solution File, Format Version 12.00
# Visual Studio 15
VisualStudioVersion = 15.0.28307.852
MinimumVisualStudioVersion = 10.0.40219.1
Project("{FAE04EC0-301F-11D3-BF4B-00C04F79EFBC}") = "CustomerProductPropsClasses", "CustomerProductPropsClasses\CustomerProductPropsClasses.csproj", "{CA371924-F2A8-4A81-BEF3-D7D05641569C}"
EndProject
Project("{FAE04EC0-301F-11D3-BF4B-00C04F79EFBC}") = "ToolsCSharp", "FrameworkLibrary\ToolsCSharp\ToolsCSharp.csproj", "{7F06622A-845C-4B38-9E3F-521189851BBD}"
EndProject
Project("{FAE04EC0-301F-11D3-BF4B-00C04F79EFBC}") = "CustomerTests", "CustomerTests\CustomerTests.csproj", "{22D6C77E-CD14-43D2-A663-FC026FBC2FF5}"
EndProject
Global
	GlobalSection(SolutionConfigurationPlatforms) = preSolution
		Debug|Any CPU = Debug|Any CPU
		Release|Any CPU = Release|Any CPU
	EndGlobalSection
	GlobalSection(ProjectConfigurationPlatforms) = postSolution
		{CA371924-F2A8-4A81-BEF3-D7D05641569C}.Debug|Any CPU.ActiveCfg = Debug|Any CPU
		{CA371924-F2A8-4A81-BEF3-D7D05641569C}.Debug|Any CPU.Build.0 = Debug|Any CPU
		{CA371924-F2A8-4A81-BEF3-D7D05641569C}.Release|Any CPU.ActiveCfg = Release|Any CPU
		{CA371924-F2A8-4A81-BEF3-D7D05641569C}.Release|Any CPU.Build.0 = Release|Any CPU
		{7F06622A-845C-4B38-9E3F-521189851BBD}.Debug|Any CPU.ActiveCfg = Debug|Any CPU
		{7F06622A-845C-4B38-9E3F-521189851BBD}.Debug|Any CPU.Build.0 = Debug|Any CPU
		{7F06622A-845C-4B38-9E3F-521189851BBD}.Release|Any CPU.ActiveCfg = Release|Any CPU
		{7F06622A-845C-4B38-9E3F-521189851BBD}.Release|Any CPU.Build.0 = Release|Any CPU
		{22D6C77E-CD14-43D2-A663-FC026FBC2FF5}.Debug|Any CPU.ActiveCfg = Debug|Any CPU
		{22D6C77E-CD14-43D2-A663-FC026FBC2FF5}.Debug|Any CPU.Build.0 = Debug|Any CPU
		{22D6C77E-CD14-43D2-A663-FC026FBC2FF5}.Release|Any CPU.ActiveCfg = Release|Any CPU
		{22D6C77E-CD14-43D2-A663-FC026FBC2FF5}.Release|Any CPU.Build.0 = Release|Any CPU
	EndGlobalSection
	GlobalSection(SolutionProperties) = preSolution
		HideSolutionNode = FALSE
	EndGlobalSection
	GlobalSection(ExtensibilityGlobals) = postSolution
		SolutionGuid = {8008FA66-3773-4C7D-8AD2-F62430AC32A8}
	EndGlobalSection
EndGlobal
